
Microsoft Visual Studio Solution File, Format Version 12.00
# Visual Studio Version 17
VisualStudioVersion = 17.7.34024.191
MinimumVisualStudioVersion = 10.0.40219.1
Project("{FAE04EC0-301F-11D3-BF4B-00C04F79EFBC}") = "uppgift 2.2", "uppgift 2.2\uppgift 2.2.csproj", "{F238D7B5-F781-421C-820E-CB9744D10798}"
EndProject
Global
	GlobalSection(SolutionConfigurationPlatforms) = preSolution
		Debug|Any CPU = Debug|Any CPU
		Release|Any CPU = Release|Any CPU
	EndGlobalSection
	GlobalSection(ProjectConfigurationPlatforms) = postSolution
		{F238D7B5-F781-421C-820E-CB9744D10798}.Debug|Any CPU.ActiveCfg = Debug|Any CPU
		{F238D7B5-F781-421C-820E-CB9744D10798}.Debug|Any CPU.Build.0 = Debug|Any CPU
		{F238D7B5-F781-421C-820E-CB9744D10798}.Release|Any CPU.ActiveCfg = Release|Any CPU
		{F238D7B5-F781-421C-820E-CB9744D10798}.Release|Any CPU.Build.0 = Release|Any CPU
	EndGlobalSection
	GlobalSection(SolutionProperties) = preSolution
		HideSolutionNode = FALSE
	EndGlobalSection
	GlobalSection(ExtensibilityGlobals) = postSolution
		SolutionGuid = {C6E7DF70-B310-4882-AE3B-A2A9BE4F8D0F}
	EndGlobalSection
EndGlobal
